
Microsoft Visual Studio Solution File, Format Version 12.00
# Visual Studio Version 16
VisualStudioVersion = 16.0.33423.256
MinimumVisualStudioVersion = 10.0.40219.1
Project("{FAE04EC0-301F-11D3-BF4B-00C04F79EFBC}") = "GoToDemo", "GoToDemo\GoToDemo.csproj", "{4556293C-5453-4C86-97A3-936E82330BDD}"
EndProject
Global
	GlobalSection(SolutionConfigurationPlatforms) = preSolution
		Debug|Any CPU = Debug|Any CPU
		Release|Any CPU = Release|Any CPU
	EndGlobalSection
	GlobalSection(ProjectConfigurationPlatforms) = postSolution
		{4556293C-5453-4C86-97A3-936E82330BDD}.Debug|Any CPU.ActiveCfg = Debug|Any CPU
		{4556293C-5453-4C86-97A3-936E82330BDD}.Debug|Any CPU.Build.0 = Debug|Any CPU
		{4556293C-5453-4C86-97A3-936E82330BDD}.Release|Any CPU.ActiveCfg = Release|Any CPU
		{4556293C-5453-4C86-97A3-936E82330BDD}.Release|Any CPU.Build.0 = Release|Any CPU
	EndGlobalSection
	GlobalSection(SolutionProperties) = preSolution
		HideSolutionNode = FALSE
	EndGlobalSection
	GlobalSection(ExtensibilityGlobals) = postSolution
		SolutionGuid = {BBDD3E5E-D9F1-472D-B81E-021DCBF82455}
	EndGlobalSection
EndGlobal
