
Microsoft Visual Studio Solution File, Format Version 12.00
# Visual Studio Version 16
VisualStudioVersion = 16.0.33423.256
MinimumVisualStudioVersion = 10.0.40219.1
Project("{9A19103F-16F7-4668-BE54-9A1E7A4F7556}") = "DulAlgorithm", "DulAlgorithm\DulAlgorithm.csproj", "{3C79AAC8-48D5-4BD1-B936-1490D6B7534B}"
EndProject
Project("{FAE04EC0-301F-11D3-BF4B-00C04F79EFBC}") = "DulAlgorithm.ConsoleApp", "DulAlgorithm.ConsoleApp\DulAlgorithm.ConsoleApp.csproj", "{A6E4FDCF-BEAF-4177-9B0F-13E279D8ECB0}"
EndProject
Project("{FAE04EC0-301F-11D3-BF4B-00C04F79EFBC}") = "TestProject1", "TestProject1\TestProject1.csproj", "{6B52E280-2E84-482F-A185-EC8424297F76}"
EndProject
Project("{2150E333-8FDC-42A3-9474-1A3956D46DE8}") = "UI", "UI", "{CEF07231-D5ED-4861-87EF-A956A34525C9}"
EndProject
Global
	GlobalSection(SolutionConfigurationPlatforms) = preSolution
		Debug|Any CPU = Debug|Any CPU
		Release|Any CPU = Release|Any CPU
	EndGlobalSection
	GlobalSection(ProjectConfigurationPlatforms) = postSolution
		{3C79AAC8-48D5-4BD1-B936-1490D6B7534B}.Debug|Any CPU.ActiveCfg = Debug|Any CPU
		{3C79AAC8-48D5-4BD1-B936-1490D6B7534B}.Debug|Any CPU.Build.0 = Debug|Any CPU
		{3C79AAC8-48D5-4BD1-B936-1490D6B7534B}.Release|Any CPU.ActiveCfg = Release|Any CPU
		{3C79AAC8-48D5-4BD1-B936-1490D6B7534B}.Release|Any CPU.Build.0 = Release|Any CPU
		{A6E4FDCF-BEAF-4177-9B0F-13E279D8ECB0}.Debug|Any CPU.ActiveCfg = Debug|Any CPU
		{A6E4FDCF-BEAF-4177-9B0F-13E279D8ECB0}.Debug|Any CPU.Build.0 = Debug|Any CPU
		{A6E4FDCF-BEAF-4177-9B0F-13E279D8ECB0}.Release|Any CPU.ActiveCfg = Release|Any CPU
		{A6E4FDCF-BEAF-4177-9B0F-13E279D8ECB0}.Release|Any CPU.Build.0 = Release|Any CPU
		{6B52E280-2E84-482F-A185-EC8424297F76}.Debug|Any CPU.ActiveCfg = Debug|Any CPU
		{6B52E280-2E84-482F-A185-EC8424297F76}.Debug|Any CPU.Build.0 = Debug|Any CPU
		{6B52E280-2E84-482F-A185-EC8424297F76}.Release|Any CPU.ActiveCfg = Release|Any CPU
		{6B52E280-2E84-482F-A185-EC8424297F76}.Release|Any CPU.Build.0 = Release|Any CPU
	EndGlobalSection
	GlobalSection(SolutionProperties) = preSolution
		HideSolutionNode = FALSE
	EndGlobalSection
	GlobalSection(ExtensibilityGlobals) = postSolution
		SolutionGuid = {65988617-965B-4099-85FE-48DA65D7067F}
	EndGlobalSection
EndGlobal
