
Microsoft Visual Studio Solution File, Format Version 12.00
# Visual Studio Version 16
VisualStudioVersion = 16.0.33423.256
MinimumVisualStudioVersion = 10.0.40219.1
Project("{FAE04EC0-301F-11D3-BF4B-00C04F79EFBC}") = "StructDemo", "StructDemo\StructDemo.csproj", "{22CD31D3-7194-44BB-AA24-358FD5A318AF}"
EndProject
Global
	GlobalSection(SolutionConfigurationPlatforms) = preSolution
		Debug|Any CPU = Debug|Any CPU
		Release|Any CPU = Release|Any CPU
	EndGlobalSection
	GlobalSection(ProjectConfigurationPlatforms) = postSolution
		{22CD31D3-7194-44BB-AA24-358FD5A318AF}.Debug|Any CPU.ActiveCfg = Debug|Any CPU
		{22CD31D3-7194-44BB-AA24-358FD5A318AF}.Debug|Any CPU.Build.0 = Debug|Any CPU
		{22CD31D3-7194-44BB-AA24-358FD5A318AF}.Release|Any CPU.ActiveCfg = Release|Any CPU
		{22CD31D3-7194-44BB-AA24-358FD5A318AF}.Release|Any CPU.Build.0 = Release|Any CPU
	EndGlobalSection
	GlobalSection(SolutionProperties) = preSolution
		HideSolutionNode = FALSE
	EndGlobalSection
	GlobalSection(ExtensibilityGlobals) = postSolution
		SolutionGuid = {59CCD1FC-6535-465A-8D63-2B9214F6FC3F}
	EndGlobalSection
EndGlobal
